
Microsoft Visual Studio Solution File, Format Version 12.00
# Visual Studio Version 17
VisualStudioVersion = 17.2.32516.85
MinimumVisualStudioVersion = 10.0.40219.1
Project("{FAE04EC0-301F-11D3-BF4B-00C04F79EFBC}") = "RegisterApp", "RegisterApp\RegisterApp.csproj", "{765CC8A3-D014-4C9E-B81E-0666DBFC76DA}"
EndProject
Global
	GlobalSection(SolutionConfigurationPlatforms) = preSolution
		Debug|Any CPU = Debug|Any CPU
		Release|Any CPU = Release|Any CPU
	EndGlobalSection
	GlobalSection(ProjectConfigurationPlatforms) = postSolution
		{765CC8A3-D014-4C9E-B81E-0666DBFC76DA}.Debug|Any CPU.ActiveCfg = Debug|Any CPU
		{765CC8A3-D014-4C9E-B81E-0666DBFC76DA}.Debug|Any CPU.Build.0 = Debug|Any CPU
		{765CC8A3-D014-4C9E-B81E-0666DBFC76DA}.Release|Any CPU.ActiveCfg = Release|Any CPU
		{765CC8A3-D014-4C9E-B81E-0666DBFC76DA}.Release|Any CPU.Build.0 = Release|Any CPU
	EndGlobalSection
	GlobalSection(SolutionProperties) = preSolution
		HideSolutionNode = FALSE
	EndGlobalSection
	GlobalSection(ExtensibilityGlobals) = postSolution
		SolutionGuid = {A106E276-B930-493F-8D24-4559622DAEB7}
	EndGlobalSection
EndGlobal
